
Microsoft Visual Studio Solution File, Format Version 12.00
# Visual Studio Version 16
VisualStudioVersion = 16.0.30503.244
MinimumVisualStudioVersion = 10.0.40219.1
Project("{FAE04EC0-301F-11D3-BF4B-00C04F79EFBC}") = "CountryComparison", "CountryComparison\CountryComparison.csproj", "{57AC0305-719B-496E-8175-29D82FFD9094}"
EndProject
Global
	GlobalSection(SolutionConfigurationPlatforms) = preSolution
		Debug|Any CPU = Debug|Any CPU
		Release|Any CPU = Release|Any CPU
	EndGlobalSection
	GlobalSection(ProjectConfigurationPlatforms) = postSolution
		{57AC0305-719B-496E-8175-29D82FFD9094}.Debug|Any CPU.ActiveCfg = Debug|Any CPU
		{57AC0305-719B-496E-8175-29D82FFD9094}.Debug|Any CPU.Build.0 = Debug|Any CPU
		{57AC0305-719B-496E-8175-29D82FFD9094}.Release|Any CPU.ActiveCfg = Release|Any CPU
		{57AC0305-719B-496E-8175-29D82FFD9094}.Release|Any CPU.Build.0 = Release|Any CPU
	EndGlobalSection
	GlobalSection(SolutionProperties) = preSolution
		HideSolutionNode = FALSE
	EndGlobalSection
	GlobalSection(ExtensibilityGlobals) = postSolution
		SolutionGuid = {91C2CAF9-91B0-4C3D-946D-5FA73BC862FD}
	EndGlobalSection
EndGlobal
